{
  "name": "auto-vox-file",
  "version": "1.0.0",
  "lockfileVersion": 3,
  "requires": true,
  "packages": {
    "": {
      "name": "auto-vox-file",
      "version": "1.0.0",
      "license": "ISC",
      "dependencies": {
        "auto-vox-file": "file:"
      }
    },
    "node_modules/auto-vox-file": {
      "resolved": "",
      "link": true
    }
  }
}
